
Microsoft Visual Studio Solution File, Format Version 12.00
# Visual Studio Version 17
VisualStudioVersion = 17.11.35219.272
MinimumVisualStudioVersion = 10.0.40219.1
Project("{FAE04EC0-301F-11D3-BF4B-00C04F79EFBC}") = "TiendaBc", "TiendaBc\TiendaBc.csproj", "{4BDB5F53-8EA2-4467-B441-84476BB9F764}"
EndProject
Project("{FAE04EC0-301F-11D3-BF4B-00C04F79EFBC}") = "Principal", "Principal\Principal.csproj", "{FAE36A6A-4D55-4C45-8E7B-1C379005417A}"
EndProject
Global
	GlobalSection(SolutionConfigurationPlatforms) = preSolution
		Debug|Any CPU = Debug|Any CPU
		Release|Any CPU = Release|Any CPU
	EndGlobalSection
	GlobalSection(ProjectConfigurationPlatforms) = postSolution
		{4BDB5F53-8EA2-4467-B441-84476BB9F764}.Debug|Any CPU.ActiveCfg = Debug|Any CPU
		{4BDB5F53-8EA2-4467-B441-84476BB9F764}.Debug|Any CPU.Build.0 = Debug|Any CPU
		{4BDB5F53-8EA2-4467-B441-84476BB9F764}.Release|Any CPU.ActiveCfg = Release|Any CPU
		{4BDB5F53-8EA2-4467-B441-84476BB9F764}.Release|Any CPU.Build.0 = Release|Any CPU
		{FAE36A6A-4D55-4C45-8E7B-1C379005417A}.Debug|Any CPU.ActiveCfg = Debug|Any CPU
		{FAE36A6A-4D55-4C45-8E7B-1C379005417A}.Debug|Any CPU.Build.0 = Debug|Any CPU
		{FAE36A6A-4D55-4C45-8E7B-1C379005417A}.Release|Any CPU.ActiveCfg = Release|Any CPU
		{FAE36A6A-4D55-4C45-8E7B-1C379005417A}.Release|Any CPU.Build.0 = Release|Any CPU
	EndGlobalSection
	GlobalSection(SolutionProperties) = preSolution
		HideSolutionNode = FALSE
	EndGlobalSection
	GlobalSection(ExtensibilityGlobals) = postSolution
		SolutionGuid = {522FEF98-E025-45AC-A636-6A16F0B352F9}
	EndGlobalSection
EndGlobal
