
Microsoft Visual Studio Solution File, Format Version 12.00
# Visual Studio Version 17
VisualStudioVersion = 17.11.35219.272
MinimumVisualStudioVersion = 10.0.40219.1
Project("{FAE04EC0-301F-11D3-BF4B-00C04F79EFBC}") = "Principal", "Principal\Principal.csproj", "{8AB37185-3A3D-4272-ADE6-CE965CB838DF}"
EndProject
Project("{FAE04EC0-301F-11D3-BF4B-00C04F79EFBC}") = "Modelo", "Modelo\Modelo.csproj", "{1C0A690D-3D8F-4073-9C4E-4E9D75CFAAB8}"
EndProject
Project("{FAE04EC0-301F-11D3-BF4B-00C04F79EFBC}") = "logica", "logica\logica.csproj", "{A613C92B-19E2-4549-972A-60C8A072A621}"
EndProject
Global
	GlobalSection(SolutionConfigurationPlatforms) = preSolution
		Debug|Any CPU = Debug|Any CPU
		Release|Any CPU = Release|Any CPU
	EndGlobalSection
	GlobalSection(ProjectConfigurationPlatforms) = postSolution
		{8AB37185-3A3D-4272-ADE6-CE965CB838DF}.Debug|Any CPU.ActiveCfg = Debug|Any CPU
		{8AB37185-3A3D-4272-ADE6-CE965CB838DF}.Debug|Any CPU.Build.0 = Debug|Any CPU
		{8AB37185-3A3D-4272-ADE6-CE965CB838DF}.Release|Any CPU.ActiveCfg = Release|Any CPU
		{8AB37185-3A3D-4272-ADE6-CE965CB838DF}.Release|Any CPU.Build.0 = Release|Any CPU
		{1C0A690D-3D8F-4073-9C4E-4E9D75CFAAB8}.Debug|Any CPU.ActiveCfg = Debug|Any CPU
		{1C0A690D-3D8F-4073-9C4E-4E9D75CFAAB8}.Debug|Any CPU.Build.0 = Debug|Any CPU
		{1C0A690D-3D8F-4073-9C4E-4E9D75CFAAB8}.Release|Any CPU.ActiveCfg = Release|Any CPU
		{1C0A690D-3D8F-4073-9C4E-4E9D75CFAAB8}.Release|Any CPU.Build.0 = Release|Any CPU
		{A613C92B-19E2-4549-972A-60C8A072A621}.Debug|Any CPU.ActiveCfg = Debug|Any CPU
		{A613C92B-19E2-4549-972A-60C8A072A621}.Debug|Any CPU.Build.0 = Debug|Any CPU
		{A613C92B-19E2-4549-972A-60C8A072A621}.Release|Any CPU.ActiveCfg = Release|Any CPU
		{A613C92B-19E2-4549-972A-60C8A072A621}.Release|Any CPU.Build.0 = Release|Any CPU
	EndGlobalSection
	GlobalSection(SolutionProperties) = preSolution
		HideSolutionNode = FALSE
	EndGlobalSection
	GlobalSection(ExtensibilityGlobals) = postSolution
		SolutionGuid = {70CB9014-A82A-4445-8FCF-FFB8468B032C}
	EndGlobalSection
EndGlobal
