
Microsoft Visual Studio Solution File, Format Version 12.00
# Visual Studio Version 17
VisualStudioVersion = 17.11.35219.272
MinimumVisualStudioVersion = 10.0.40219.1
Project("{FAE04EC0-301F-11D3-BF4B-00C04F79EFBC}") = "Principal", "Principal\Principal.csproj", "{44B6DB96-D820-465D-9868-00CD0B4200A2}"
EndProject
Project("{FAE04EC0-301F-11D3-BF4B-00C04F79EFBC}") = "Logica", "Logica\Logica.csproj", "{9B25812E-1501-4704-A939-CAAD02E6C138}"
EndProject
Project("{FAE04EC0-301F-11D3-BF4B-00C04F79EFBC}") = "Modelo", "Modelo\Modelo.csproj", "{BAA481FA-F3F4-4974-A031-19EB875E6C47}"
EndProject
Global
	GlobalSection(SolutionConfigurationPlatforms) = preSolution
		Debug|Any CPU = Debug|Any CPU
		Release|Any CPU = Release|Any CPU
	EndGlobalSection
	GlobalSection(ProjectConfigurationPlatforms) = postSolution
		{44B6DB96-D820-465D-9868-00CD0B4200A2}.Debug|Any CPU.ActiveCfg = Debug|Any CPU
		{44B6DB96-D820-465D-9868-00CD0B4200A2}.Debug|Any CPU.Build.0 = Debug|Any CPU
		{44B6DB96-D820-465D-9868-00CD0B4200A2}.Release|Any CPU.ActiveCfg = Release|Any CPU
		{44B6DB96-D820-465D-9868-00CD0B4200A2}.Release|Any CPU.Build.0 = Release|Any CPU
		{9B25812E-1501-4704-A939-CAAD02E6C138}.Debug|Any CPU.ActiveCfg = Debug|Any CPU
		{9B25812E-1501-4704-A939-CAAD02E6C138}.Debug|Any CPU.Build.0 = Debug|Any CPU
		{9B25812E-1501-4704-A939-CAAD02E6C138}.Release|Any CPU.ActiveCfg = Release|Any CPU
		{9B25812E-1501-4704-A939-CAAD02E6C138}.Release|Any CPU.Build.0 = Release|Any CPU
		{BAA481FA-F3F4-4974-A031-19EB875E6C47}.Debug|Any CPU.ActiveCfg = Debug|Any CPU
		{BAA481FA-F3F4-4974-A031-19EB875E6C47}.Debug|Any CPU.Build.0 = Debug|Any CPU
		{BAA481FA-F3F4-4974-A031-19EB875E6C47}.Release|Any CPU.ActiveCfg = Release|Any CPU
		{BAA481FA-F3F4-4974-A031-19EB875E6C47}.Release|Any CPU.Build.0 = Release|Any CPU
	EndGlobalSection
	GlobalSection(SolutionProperties) = preSolution
		HideSolutionNode = FALSE
	EndGlobalSection
	GlobalSection(ExtensibilityGlobals) = postSolution
		SolutionGuid = {4ED14F30-899B-4D6F-9891-A428C220539F}
	EndGlobalSection
EndGlobal
